# This file is automatically @generated by Cargo.
# It is not intended for manual editing.
version = 4

[[package]]
name = "allocator-api2"
version = "0.3.0"
source = "registry+https://github.com/rust-lang/crates.io-index"
checksum = "78200ac3468a57d333cd0ea5dd398e25111194dcacd49208afca95c629a6311d"

[[package]]
name = "colvec"
version = "0.0.2"
dependencies = [
 "allocator-api2",
 "colvec-derive",
 "compile_time_sort",
]

[[package]]
name = "colvec-derive"
version = "0.0.2"
dependencies = [
 "quote",
 "syn",
]

[[package]]
name = "compile_time_sort"
version = "1.1.4"
source = "registry+https://github.com/rust-lang/crates.io-index"
checksum = "d1d0df71501b9af51c7348caa2748978dc5a60057c5c66085c7b732bf4fcb92e"
dependencies = [
 "paste",
 "rustversion",
]

[[package]]
name = "paste"
version = "1.0.15"
source = "registry+https://github.com/rust-lang/crates.io-index"
checksum = "57c0d7b74b563b49d38dae00a0c37d4d6de9b432382b2892f0574ddcae73fd0a"

[[package]]
name = "proc-macro2"
version = "1.0.101"
source = "registry+https://github.com/rust-lang/crates.io-index"
checksum = "89ae43fd86e4158d6db51ad8e2b80f313af9cc74f5c0e03ccb87de09998732de"
dependencies = [
 "unicode-ident",
]

[[package]]
name = "quote"
version = "1.0.40"
source = "registry+https://github.com/rust-lang/crates.io-index"
checksum = "1885c039570dc00dcb4ff087a89e185fd56bae234ddc7f056a945bf36467248d"
dependencies = [
 "proc-macro2",
]

[[package]]
name = "rustversion"
version = "1.0.22"
source = "registry+https://github.com/rust-lang/crates.io-index"
checksum = "b39cdef0fa800fc44525c84ccb54a029961a8215f9619753635a9c0d2538d46d"

[[package]]
name = "syn"
version = "2.0.106"
source = "registry+https://github.com/rust-lang/crates.io-index"
checksum = "ede7c438028d4436d71104916910f5bb611972c5cfd7f89b8300a8186e6fada6"
dependencies = [
 "proc-macro2",
 "quote",
 "unicode-ident",
]

[[package]]
name = "test-nightly_off-std_off"
version = "0.1.0"
dependencies = [
 "colvec",
]

[[package]]
name = "unicode-ident"
version = "1.0.18"
source = "registry+https://github.com/rust-lang/crates.io-index"
checksum = "5a5f39404a5da50712a4c1eecf25e90dd62b613502b7e925fd4e4d19b5c96512"
